
Microsoft Visual Studio Solution File, Format Version 12.00
# Visual Studio Version 17
VisualStudioVersion = 17.5.33530.505
MinimumVisualStudioVersion = 10.0.40219.1
Project("{9A19103F-16F7-4668-BE54-9A1E7A4F7556}") = "CG_Project", "CG_Project.csproj", "{C62E3DFA-7685-4E44-B8F2-728EACC18E28}"
EndProject
Project("{9A19103F-16F7-4668-BE54-9A1E7A4F7556}") = "CG_Project.Tests", "..\CG_Project.Tests\CG_Project.Tests.csproj", "{7DC74AD1-6E58-49B5-91B1-E3724D3825F1}"
EndProject
Global
	GlobalSection(SolutionConfigurationPlatforms) = preSolution
		Debug|Any CPU = Debug|Any CPU
		Release|Any CPU = Release|Any CPU
	EndGlobalSection
	GlobalSection(ProjectConfigurationPlatforms) = postSolution
		{C62E3DFA-7685-4E44-B8F2-728EACC18E28}.Debug|Any CPU.ActiveCfg = Debug|Any CPU
		{C62E3DFA-7685-4E44-B8F2-728EACC18E28}.Debug|Any CPU.Build.0 = Debug|Any CPU
		{C62E3DFA-7685-4E44-B8F2-728EACC18E28}.Release|Any CPU.ActiveCfg = Release|Any CPU
		{C62E3DFA-7685-4E44-B8F2-728EACC18E28}.Release|Any CPU.Build.0 = Release|Any CPU
		{7DC74AD1-6E58-49B5-91B1-E3724D3825F1}.Debug|Any CPU.ActiveCfg = Debug|Any CPU
		{7DC74AD1-6E58-49B5-91B1-E3724D3825F1}.Debug|Any CPU.Build.0 = Debug|Any CPU
		{7DC74AD1-6E58-49B5-91B1-E3724D3825F1}.Release|Any CPU.ActiveCfg = Release|Any CPU
		{7DC74AD1-6E58-49B5-91B1-E3724D3825F1}.Release|Any CPU.Build.0 = Release|Any CPU
	EndGlobalSection
	GlobalSection(SolutionProperties) = preSolution
		HideSolutionNode = FALSE
	EndGlobalSection
	GlobalSection(ExtensibilityGlobals) = postSolution
		SolutionGuid = {6CEF222E-261A-4157-8E8B-9AC7AA8CB8C4}
	EndGlobalSection
EndGlobal
